
Microsoft Visual Studio Solution File, Format Version 12.00
# Visual Studio Version 17
VisualStudioVersion = 17.14.36221.1 d17.14
MinimumVisualStudioVersion = 10.0.40219.1
Project("{888888A0-9F3D-457C-B088-3A5042F75D52}") = "NotaryQuickCopy", "NotaryQuickCopy.pyproj", "{17361370-0A08-436F-BEE6-BAC008943BB2}"
EndProject
Global
	GlobalSection(SolutionConfigurationPlatforms) = preSolution
		Debug|Any CPU = Debug|Any CPU
		Release|Any CPU = Release|Any CPU
	EndGlobalSection
	GlobalSection(ProjectConfigurationPlatforms) = postSolution
		{17361370-0A08-436F-BEE6-BAC008943BB2}.Debug|Any CPU.ActiveCfg = Debug|Any CPU
		{17361370-0A08-436F-BEE6-BAC008943BB2}.Release|Any CPU.ActiveCfg = Release|Any CPU
	EndGlobalSection
	GlobalSection(SolutionProperties) = preSolution
		HideSolutionNode = FALSE
	EndGlobalSection
	GlobalSection(ExtensibilityGlobals) = postSolution
		SolutionGuid = {E3026304-2B9A-4FEF-9BEE-78FDC92BF6B5}
	EndGlobalSection
EndGlobal
